
Microsoft Visual Studio Solution File, Format Version 12.00
# Visual Studio Version 17
VisualStudioVersion = 17.11.35219.272
MinimumVisualStudioVersion = 10.0.40219.1
Project("{FAE04EC0-301F-11D3-BF4B-00C04F79EFBC}") = "SaqueDeposito", "SaqueDeposito\SaqueDeposito.csproj", "{AE4CB16E-538A-4BDC-8C93-55F7B7B0E59C}"
EndProject
Global
	GlobalSection(SolutionConfigurationPlatforms) = preSolution
		Debug|Any CPU = Debug|Any CPU
		Release|Any CPU = Release|Any CPU
	EndGlobalSection
	GlobalSection(ProjectConfigurationPlatforms) = postSolution
		{AE4CB16E-538A-4BDC-8C93-55F7B7B0E59C}.Debug|Any CPU.ActiveCfg = Debug|Any CPU
		{AE4CB16E-538A-4BDC-8C93-55F7B7B0E59C}.Debug|Any CPU.Build.0 = Debug|Any CPU
		{AE4CB16E-538A-4BDC-8C93-55F7B7B0E59C}.Release|Any CPU.ActiveCfg = Release|Any CPU
		{AE4CB16E-538A-4BDC-8C93-55F7B7B0E59C}.Release|Any CPU.Build.0 = Release|Any CPU
	EndGlobalSection
	GlobalSection(SolutionProperties) = preSolution
		HideSolutionNode = FALSE
	EndGlobalSection
	GlobalSection(ExtensibilityGlobals) = postSolution
		SolutionGuid = {E84BB9F0-47D4-4FFA-9B8C-659CCFFA8DD0}
	EndGlobalSection
EndGlobal
